{
  "version": "5",
  "specifiers": {
    "jsr:@std/assert@1": "1.0.13",
    "jsr:@std/internal@^1.0.6": "1.0.9",
    "npm:@napi-rs/wasm-runtime@~0.2.12": "0.2.12",
    "npm:@tailwindcss/oxide-wasm32-wasi@*": "4.1.11"
  },
  "jsr": {
    "@std/assert@1.0.13": {
      "integrity": "ae0d31e41919b12c656c742b22522c32fb26ed0cba32975cb0de2a273cb68b29",
      "dependencies": [
        "jsr:@std/internal"
      ]
    },
    "@std/internal@1.0.9": {
      "integrity": "bdfb97f83e4db7a13e8faab26fb1958d1b80cc64366501af78a0aee151696eb8"
    }
  },
  "npm": {
    "@emnapi/core@1.4.3": {
      "integrity": "sha512-4m62DuCE07lw01soJwPiBGC0nAww0Q+RY70VZ+n49yDIO13yyinhbWCeNnaob0lakDtWQzSdtNWzJeOJt2ma+g==",
      "dependencies": [
        "@emnapi/wasi-threads",
        "tslib"
      ]
    },
    "@emnapi/runtime@1.4.3": {
      "integrity": "sha512-pBPWdu6MLKROBX05wSNKcNb++m5Er+KQ9QkB+WVM+pW2Kx9hoSrVTnu3BdkI5eBLZoKu/J6mW/B6i6bJB2ytXQ==",
      "dependencies": [
        "tslib"
      ]
    },
    "@emnapi/wasi-threads@1.0.2": {
      "integrity": "sha512-5n3nTJblwRi8LlXkJ9eBzu+kZR8Yxcc7ubakyQTFzPMtIhFpUBRbsnc2Dv88IZDIbCDlBiWrknhB4Lsz7mg6BA==",
      "dependencies": [
        "tslib"
      ]
    },
    "@napi-rs/wasm-runtime@0.2.11": {
      "integrity": "sha512-9DPkXtvHydrcOsopiYpUgPHpmj0HWZKMUnL2dZqpvC42lsratuBG06V5ipyno0fUek5VlFsNQ+AcFATSrJXgMA==",
      "dependencies": [
        "@emnapi/core",
        "@emnapi/runtime",
        "@tybys/wasm-util@0.9.0"
      ]
    },
    "@napi-rs/wasm-runtime@0.2.12": {
      "integrity": "sha512-ZVWUcfwY4E/yPitQJl481FjFo3K22D6qF0DuFH6Y/nbnE11GY5uguDxZMGXPQ8WQ0128MXQD7TnfHyK4oWoIJQ==",
      "dependencies": [
        "@emnapi/core",
        "@emnapi/runtime",
        "@tybys/wasm-util@0.10.0"
      ]
    },
    "@tailwindcss/oxide-wasm32-wasi@4.1.11": {
      "integrity": "sha512-Xo1+/GU0JEN/C/dvcammKHzeM6NqKovG+6921MR6oadee5XPBaKOumrJCXvopJ/Qb5TH7LX/UAywbqrP4lax0g==",
      "dependencies": [
        "@emnapi/core",
        "@emnapi/runtime",
        "@emnapi/wasi-threads",
        "@napi-rs/wasm-runtime@0.2.11",
        "@tybys/wasm-util@0.9.0",
        "tslib"
      ],
      "cpu": ["wasm32"]
    },
    "@tybys/wasm-util@0.10.0": {
      "integrity": "sha512-VyyPYFlOMNylG45GoAe0xDoLwWuowvf92F9kySqzYh8vmYm7D2u4iUJKa1tOUpS70Ku13ASrOkS4ScXFsTaCNQ==",
      "dependencies": [
        "tslib"
      ]
    },
    "@tybys/wasm-util@0.9.0": {
      "integrity": "sha512-6+7nlbMVX/PVDCwaIQ8nTOPveOcFLSt8GcXdx8hD0bt39uWxYT88uXzqTd4fTvqta7oeUJqudepapKNt2DYJFw==",
      "dependencies": [
        "tslib"
      ]
    },
    "tslib@2.8.1": {
      "integrity": "sha512-oJFu94HQb+KVduSUQL7wnpmqnfmLsOA/nAh6b6EH0wCEoK0/mPeXU6c3wKDV83MkOuHPRHtSXKKU99IBazS/2w=="
    }
  },
  "workspace": {
    "dependencies": [
      "jsr:@std/assert@1",
      "npm:@napi-rs/wasm-runtime@~0.2.12"
    ]
  }
}
